
Microsoft Visual Studio Solution File, Format Version 12.00
# Visual Studio Version 16
VisualStudioVersion = 16.0.30320.27
MinimumVisualStudioVersion = 10.0.40219.1
Project("{FAE04EC0-301F-11D3-BF4B-00C04F79EFBC}") = "mtva", "mtva\mtva.csproj", "{57130C33-FE0C-4672-93CA-781A203FB08D}"
EndProject
Global
	GlobalSection(SolutionConfigurationPlatforms) = preSolution
		Debug|Any CPU = Debug|Any CPU
		Release|Any CPU = Release|Any CPU
	EndGlobalSection
	GlobalSection(ProjectConfigurationPlatforms) = postSolution
		{57130C33-FE0C-4672-93CA-781A203FB08D}.Debug|Any CPU.ActiveCfg = Debug|Any CPU
		{57130C33-FE0C-4672-93CA-781A203FB08D}.Debug|Any CPU.Build.0 = Debug|Any CPU
		{57130C33-FE0C-4672-93CA-781A203FB08D}.Release|Any CPU.ActiveCfg = Release|Any CPU
		{57130C33-FE0C-4672-93CA-781A203FB08D}.Release|Any CPU.Build.0 = Release|Any CPU
	EndGlobalSection
	GlobalSection(SolutionProperties) = preSolution
		HideSolutionNode = FALSE
	EndGlobalSection
	GlobalSection(ExtensibilityGlobals) = postSolution
		SolutionGuid = {67CCF038-C317-432C-BA49-14526E671E0F}
	EndGlobalSection
EndGlobal
